
Microsoft Visual Studio Solution File, Format Version 12.00
# Visual Studio Version 17
VisualStudioVersion = 17.0.32112.339
MinimumVisualStudioVersion = 10.0.40219.1
Project("{FAE04EC0-301F-11D3-BF4B-00C04F79EFBC}") = "upract3-4", "upract3-4.csproj", "{F36EB9C0-7AFD-40E7-B614-4D3AD9EE734F}"
EndProject
Global
	GlobalSection(SolutionConfigurationPlatforms) = preSolution
		Debug|Any CPU = Debug|Any CPU
		Release|Any CPU = Release|Any CPU
	EndGlobalSection
	GlobalSection(ProjectConfigurationPlatforms) = postSolution
		{F36EB9C0-7AFD-40E7-B614-4D3AD9EE734F}.Debug|Any CPU.ActiveCfg = Debug|Any CPU
		{F36EB9C0-7AFD-40E7-B614-4D3AD9EE734F}.Debug|Any CPU.Build.0 = Debug|Any CPU
		{F36EB9C0-7AFD-40E7-B614-4D3AD9EE734F}.Release|Any CPU.ActiveCfg = Release|Any CPU
		{F36EB9C0-7AFD-40E7-B614-4D3AD9EE734F}.Release|Any CPU.Build.0 = Release|Any CPU
	EndGlobalSection
	GlobalSection(SolutionProperties) = preSolution
		HideSolutionNode = FALSE
	EndGlobalSection
	GlobalSection(ExtensibilityGlobals) = postSolution
		SolutionGuid = {17F4380D-AA87-4450-9F44-EF4962A27221}
	EndGlobalSection
EndGlobal
